
Microsoft Visual Studio Solution File, Format Version 11.00
# Visual Studio 2010
Project("{FAE04EC0-301F-11D3-BF4B-00C04F79EFBC}") = "PPPP_TO_JAM", "Assembly-CSharp.csproj", "{DCA49A3F-9E0D-10CF-023A-897CD78C3CF5}"
EndProject
Global
	GlobalSection(SolutionConfigurationPlatforms) = preSolution
		Debug|Any CPU = Debug|Any CPU
		Release|Any CPU = Release|Any CPU
	EndGlobalSection
	GlobalSection(ProjectConfigurationPlatforms) = postSolution
		{DCA49A3F-9E0D-10CF-023A-897CD78C3CF5}.Debug|Any CPU.ActiveCfg = Debug|Any CPU
		{DCA49A3F-9E0D-10CF-023A-897CD78C3CF5}.Debug|Any CPU.Build.0 = Debug|Any CPU
		{DCA49A3F-9E0D-10CF-023A-897CD78C3CF5}.Release|Any CPU.ActiveCfg = Release|Any CPU
		{DCA49A3F-9E0D-10CF-023A-897CD78C3CF5}.Release|Any CPU.Build.0 = Release|Any CPU
	EndGlobalSection
	GlobalSection(SolutionProperties) = preSolution
		HideSolutionNode = FALSE
	EndGlobalSection
	GlobalSection(MonoDevelopProperties) = preSolution
		StartupItem = Assembly-CSharp.csproj
	EndGlobalSection
EndGlobal
