
Microsoft Visual Studio Solution File, Format Version 11.00
# Visual Studio 2010
Project("{FAE04EC0-301F-11D3-BF4B-00C04F79EFBC}") = "To_Jam_spies", "Assembly-CSharp.csproj", "{74CAAC63-8FD8-97DA-9B67-5CB36B41AEDC}"
EndProject
Global
	GlobalSection(SolutionConfigurationPlatforms) = preSolution
		Debug|Any CPU = Debug|Any CPU
		Release|Any CPU = Release|Any CPU
	EndGlobalSection
	GlobalSection(ProjectConfigurationPlatforms) = postSolution
		{74CAAC63-8FD8-97DA-9B67-5CB36B41AEDC}.Debug|Any CPU.ActiveCfg = Debug|Any CPU
		{74CAAC63-8FD8-97DA-9B67-5CB36B41AEDC}.Debug|Any CPU.Build.0 = Debug|Any CPU
		{74CAAC63-8FD8-97DA-9B67-5CB36B41AEDC}.Release|Any CPU.ActiveCfg = Release|Any CPU
		{74CAAC63-8FD8-97DA-9B67-5CB36B41AEDC}.Release|Any CPU.Build.0 = Release|Any CPU
	EndGlobalSection
	GlobalSection(SolutionProperties) = preSolution
		HideSolutionNode = FALSE
	EndGlobalSection
	GlobalSection(MonoDevelopProperties) = preSolution
		StartupItem = Assembly-CSharp.csproj
	EndGlobalSection
EndGlobal
